// !$*UTF8*$!
{
	archiveVersion = 1;
	classes = {
	};
	objectVersion = 56;
	objects = {

/* Begin PBXBuildFile section */
		9B094EC82BA4C5FB00BDEA3D /* UserInfoVC.swift in Sources */ = {isa = PBXBuildFile; fileRef = 9B094EC72BA4C5FB00BDEA3D /* UserInfoVC.swift */; };
		9B094ECA2BA4D45D00BDEA3D /* GFUserInfoHeaderVC.swift in Sources */ = {isa = PBXBuildFile; fileRef = 9B094EC92BA4D45D00BDEA3D /* GFUserInfoHeaderVC.swift */; };
		9B094ECC2BA4D51F00BDEA3D /* GFSecondaryTitleLabel.swift in Sources */ = {isa = PBXBuildFile; fileRef = 9B094ECB2BA4D51F00BDEA3D /* GFSecondaryTitleLabel.swift */; };
		9B094ECE2BA4DFAE00BDEA3D /* Constants.swift in Sources */ = {isa = PBXBuildFile; fileRef = 9B094ECD2BA4DFAE00BDEA3D /* Constants.swift */; };
		9B094ED02BA5B9A300BDEA3D /* GFItemInfoView.swift in Sources */ = {isa = PBXBuildFile; fileRef = 9B094ECF2BA5B9A300BDEA3D /* GFItemInfoView.swift */; };
		9B094ED22BA5C3BB00BDEA3D /* GFItemInfoVC.swift in Sources */ = {isa = PBXBuildFile; fileRef = 9B094ED12BA5C3BB00BDEA3D /* GFItemInfoVC.swift */; };
		9B094ED42BA5C8BA00BDEA3D /* GFRepoItemVC.swift in Sources */ = {isa = PBXBuildFile; fileRef = 9B094ED32BA5C8BA00BDEA3D /* GFRepoItemVC.swift */; };
		9B094ED62BA5CB2600BDEA3D /* GFFollowerItemVC.swift in Sources */ = {isa = PBXBuildFile; fileRef = 9B094ED52BA5CB2600BDEA3D /* GFFollowerItemVC.swift */; };
		9B094ED92BA6303B00BDEA3D /* String+Ext.swift in Sources */ = {isa = PBXBuildFile; fileRef = 9B094ED82BA6303B00BDEA3D /* String+Ext.swift */; };
		9B094EDB2BA6315C00BDEA3D /* Date+Ext.swift in Sources */ = {isa = PBXBuildFile; fileRef = 9B094EDA2BA6315C00BDEA3D /* Date+Ext.swift */; };
		9B3D4EBA2B9BACA700F68D8D /* AppDelegate.swift in Sources */ = {isa = PBXBuildFile; fileRef = 9B3D4EB92B9BACA700F68D8D /* AppDelegate.swift */; };
		9B3D4EBC2B9BACA700F68D8D /* SceneDelegate.swift in Sources */ = {isa = PBXBuildFile; fileRef = 9B3D4EBB2B9BACA700F68D8D /* SceneDelegate.swift */; };
		9B3D4EC32B9BACA800F68D8D /* Assets.xcassets in Resources */ = {isa = PBXBuildFile; fileRef = 9B3D4EC22B9BACA800F68D8D /* Assets.xcassets */; };
		9B3D4EC62B9BACA800F68D8D /* LaunchScreen.storyboard in Resources */ = {isa = PBXBuildFile; fileRef = 9B3D4EC42B9BACA800F68D8D /* LaunchScreen.storyboard */; };
		9B3D4ED12B9BACA800F68D8D /* GhFollowersTests.swift in Sources */ = {isa = PBXBuildFile; fileRef = 9B3D4ED02B9BACA800F68D8D /* GhFollowersTests.swift */; };
		9B3D4EDB2B9BACA800F68D8D /* GhFollowersUITests.swift in Sources */ = {isa = PBXBuildFile; fileRef = 9B3D4EDA2B9BACA800F68D8D /* GhFollowersUITests.swift */; };
		9B3D4EDD2B9BACA800F68D8D /* GhFollowersUITestsLaunchTests.swift in Sources */ = {isa = PBXBuildFile; fileRef = 9B3D4EDC2B9BACA800F68D8D /* GhFollowersUITestsLaunchTests.swift */; };
		9B3D4EEA2B9BB42500F68D8D /* SearchVC.swift in Sources */ = {isa = PBXBuildFile; fileRef = 9B3D4EE92B9BB42500F68D8D /* SearchVC.swift */; };
		9B3D4EEC2B9BB48400F68D8D /* FavoritesListVC.swift in Sources */ = {isa = PBXBuildFile; fileRef = 9B3D4EEB2B9BB48400F68D8D /* FavoritesListVC.swift */; };
		9B3D4EF02B9C81A800F68D8D /* GFButton.swift in Sources */ = {isa = PBXBuildFile; fileRef = 9B3D4EEF2B9C81A800F68D8D /* GFButton.swift */; };
		9B3D4EF22B9C85E100F68D8D /* GFTextField.swift in Sources */ = {isa = PBXBuildFile; fileRef = 9B3D4EF12B9C85E100F68D8D /* GFTextField.swift */; };
		9B3D4EF42B9CE90400F68D8D /* FollowersListVC.swift in Sources */ = {isa = PBXBuildFile; fileRef = 9B3D4EF32B9CE90400F68D8D /* FollowersListVC.swift */; };
		9B3D4EF62B9CF1D700F68D8D /* GFTitleLabel.swift in Sources */ = {isa = PBXBuildFile; fileRef = 9B3D4EF52B9CF1D700F68D8D /* GFTitleLabel.swift */; };
		9B3D4EF82B9CF46800F68D8D /* GFBodyLabel.swift in Sources */ = {isa = PBXBuildFile; fileRef = 9B3D4EF72B9CF46800F68D8D /* GFBodyLabel.swift */; };
		9B3D4EFC2B9CF63500F68D8D /* GFAlertVC.swift in Sources */ = {isa = PBXBuildFile; fileRef = 9B3D4EFB2B9CF63500F68D8D /* GFAlertVC.swift */; };
		9B3D4EFE2B9DBFB900F68D8D /* UIViewController+Ext.swift in Sources */ = {isa = PBXBuildFile; fileRef = 9B3D4EFD2B9DBFB900F68D8D /* UIViewController+Ext.swift */; };
		9B3D4F052B9DE24600F68D8D /* Follower.swift in Sources */ = {isa = PBXBuildFile; fileRef = 9B3D4F042B9DE24600F68D8D /* Follower.swift */; };
		9B3D4F072B9DE2A300F68D8D /* User.swift in Sources */ = {isa = PBXBuildFile; fileRef = 9B3D4F062B9DE2A300F68D8D /* User.swift */; };
		9B3D4F0A2B9DE82300F68D8D /* NetworkManager.swift in Sources */ = {isa = PBXBuildFile; fileRef = 9B3D4F092B9DE82300F68D8D /* NetworkManager.swift */; };
		9B3D4F0D2B9FA65700F68D8D /* GFError.swift in Sources */ = {isa = PBXBuildFile; fileRef = 9B3D4F0C2B9FA65700F68D8D /* GFError.swift */; };
		9B3D4F102B9FAF3700F68D8D /* FollowerCell.swift in Sources */ = {isa = PBXBuildFile; fileRef = 9B3D4F0F2B9FAF3700F68D8D /* FollowerCell.swift */; };
		9B3D4F122B9FB02900F68D8D /* GFAvatarImageView.swift in Sources */ = {isa = PBXBuildFile; fileRef = 9B3D4F112B9FB02900F68D8D /* GFAvatarImageView.swift */; };
		9B3D4F142BA0F1B900F68D8D /* UIHelper.swift in Sources */ = {isa = PBXBuildFile; fileRef = 9B3D4F132BA0F1B900F68D8D /* UIHelper.swift */; };
		9B3D4F162BA25F8C00F68D8D /* GFEmptyStateView.swift in Sources */ = {isa = PBXBuildFile; fileRef = 9B3D4F152BA25F8C00F68D8D /* GFEmptyStateView.swift */; };
/* End PBXBuildFile section */

/* Begin PBXContainerItemProxy section */
		9B3D4ECD2B9BACA800F68D8D /* PBXContainerItemProxy */ = {
			isa = PBXContainerItemProxy;
			containerPortal = 9B3D4EAE2B9BACA700F68D8D /* Project object */;
			proxyType = 1;
			remoteGlobalIDString = 9B3D4EB52B9BACA700F68D8D;
			remoteInfo = GhFollowers;
		};
		9B3D4ED72B9BACA800F68D8D /* PBXContainerItemProxy */ = {
			isa = PBXContainerItemProxy;
			containerPortal = 9B3D4EAE2B9BACA700F68D8D /* Project object */;
			proxyType = 1;
			remoteGlobalIDString = 9B3D4EB52B9BACA700F68D8D;
			remoteInfo = GhFollowers;
		};
/* End PBXContainerItemProxy section */

/* Begin PBXFileReference section */
		9B094EC72BA4C5FB00BDEA3D /* UserInfoVC.swift */ = {isa = PBXFileReference; lastKnownFileType = sourcecode.swift; path = UserInfoVC.swift; sourceTree = "<group>"; };
		9B094EC92BA4D45D00BDEA3D /* GFUserInfoHeaderVC.swift */ = {isa = PBXFileReference; lastKnownFileType = sourcecode.swift; path = GFUserInfoHeaderVC.swift; sourceTree = "<group>"; };
		9B094ECB2BA4D51F00BDEA3D /* GFSecondaryTitleLabel.swift */ = {isa = PBXFileReference; lastKnownFileType = sourcecode.swift; path = GFSecondaryTitleLabel.swift; sourceTree = "<group>"; };
		9B094ECD2BA4DFAE00BDEA3D /* Constants.swift */ = {isa = PBXFileReference; lastKnownFileType = sourcecode.swift; path = Constants.swift; sourceTree = "<group>"; };
		9B094ECF2BA5B9A300BDEA3D /* GFItemInfoView.swift */ = {isa = PBXFileReference; lastKnownFileType = sourcecode.swift; path = GFItemInfoView.swift; sourceTree = "<group>"; };
		9B094ED12BA5C3BB00BDEA3D /* GFItemInfoVC.swift */ = {isa = PBXFileReference; lastKnownFileType = sourcecode.swift; path = GFItemInfoVC.swift; sourceTree = "<group>"; };
		9B094ED32BA5C8BA00BDEA3D /* GFRepoItemVC.swift */ = {isa = PBXFileReference; lastKnownFileType = sourcecode.swift; path = GFRepoItemVC.swift; sourceTree = "<group>"; };
		9B094ED52BA5CB2600BDEA3D /* GFFollowerItemVC.swift */ = {isa = PBXFileReference; lastKnownFileType = sourcecode.swift; path = GFFollowerItemVC.swift; sourceTree = "<group>"; };
		9B094ED82BA6303B00BDEA3D /* String+Ext.swift */ = {isa = PBXFileReference; lastKnownFileType = sourcecode.swift; path = "String+Ext.swift"; sourceTree = "<group>"; };
		9B094EDA2BA6315C00BDEA3D /* Date+Ext.swift */ = {isa = PBXFileReference; lastKnownFileType = sourcecode.swift; path = "Date+Ext.swift"; sourceTree = "<group>"; };
		9B3D4EB62B9BACA700F68D8D /* GhFollowers.app */ = {isa = PBXFileReference; explicitFileType = wrapper.application; includeInIndex = 0; path = GhFollowers.app; sourceTree = BUILT_PRODUCTS_DIR; };
		9B3D4EB92B9BACA700F68D8D /* AppDelegate.swift */ = {isa = PBXFileReference; lastKnownFileType = sourcecode.swift; path = AppDelegate.swift; sourceTree = "<group>"; };
		9B3D4EBB2B9BACA700F68D8D /* SceneDelegate.swift */ = {isa = PBXFileReference; lastKnownFileType = sourcecode.swift; path = SceneDelegate.swift; sourceTree = "<group>"; };
		9B3D4EC22B9BACA800F68D8D /* Assets.xcassets */ = {isa = PBXFileReference; lastKnownFileType = folder.assetcatalog; path = Assets.xcassets; sourceTree = "<group>"; };
		9B3D4EC52B9BACA800F68D8D /* Base */ = {isa = PBXFileReference; lastKnownFileType = file.storyboard; name = Base; path = Base.lproj/LaunchScreen.storyboard; sourceTree = "<group>"; };
		9B3D4EC72B9BACA800F68D8D /* Info.plist */ = {isa = PBXFileReference; lastKnownFileType = text.plist.xml; path = Info.plist; sourceTree = "<group>"; };
		9B3D4ECC2B9BACA800F68D8D /* GhFollowersTests.xctest */ = {isa = PBXFileReference; explicitFileType = wrapper.cfbundle; includeInIndex = 0; path = GhFollowersTests.xctest; sourceTree = BUILT_PRODUCTS_DIR; };
		9B3D4ED02B9BACA800F68D8D /* GhFollowersTests.swift */ = {isa = PBXFileReference; lastKnownFileType = sourcecode.swift; path = GhFollowersTests.swift; sourceTree = "<group>"; };
		9B3D4ED62B9BACA800F68D8D /* GhFollowersUITests.xctest */ = {isa = PBXFileReference; explicitFileType = wrapper.cfbundle; includeInIndex = 0; path = GhFollowersUITests.xctest; sourceTree = BUILT_PRODUCTS_DIR; };
		9B3D4EDA2B9BACA800F68D8D /* GhFollowersUITests.swift */ = {isa = PBXFileReference; lastKnownFileType = sourcecode.swift; path = GhFollowersUITests.swift; sourceTree = "<group>"; };
		9B3D4EDC2B9BACA800F68D8D /* GhFollowersUITestsLaunchTests.swift */ = {isa = PBXFileReference; lastKnownFileType = sourcecode.swift; path = GhFollowersUITestsLaunchTests.swift; sourceTree = "<group>"; };
		9B3D4EE92B9BB42500F68D8D /* SearchVC.swift */ = {isa = PBXFileReference; lastKnownFileType = sourcecode.swift; path = SearchVC.swift; sourceTree = "<group>"; };
		9B3D4EEB2B9BB48400F68D8D /* FavoritesListVC.swift */ = {isa = PBXFileReference; lastKnownFileType = sourcecode.swift; path = FavoritesListVC.swift; sourceTree = "<group>"; };
		9B3D4EEF2B9C81A800F68D8D /* GFButton.swift */ = {isa = PBXFileReference; lastKnownFileType = sourcecode.swift; path = GFButton.swift; sourceTree = "<group>"; };
		9B3D4EF12B9C85E100F68D8D /* GFTextField.swift */ = {isa = PBXFileReference; lastKnownFileType = sourcecode.swift; path = GFTextField.swift; sourceTree = "<group>"; };
		9B3D4EF32B9CE90400F68D8D /* FollowersListVC.swift */ = {isa = PBXFileReference; lastKnownFileType = sourcecode.swift; path = FollowersListVC.swift; sourceTree = "<group>"; };
		9B3D4EF52B9CF1D700F68D8D /* GFTitleLabel.swift */ = {isa = PBXFileReference; lastKnownFileType = sourcecode.swift; path = GFTitleLabel.swift; sourceTree = "<group>"; };
		9B3D4EF72B9CF46800F68D8D /* GFBodyLabel.swift */ = {isa = PBXFileReference; lastKnownFileType = sourcecode.swift; path = GFBodyLabel.swift; sourceTree = "<group>"; };
		9B3D4EFB2B9CF63500F68D8D /* GFAlertVC.swift */ = {isa = PBXFileReference; lastKnownFileType = sourcecode.swift; path = GFAlertVC.swift; sourceTree = "<group>"; };
		9B3D4EFD2B9DBFB900F68D8D /* UIViewController+Ext.swift */ = {isa = PBXFileReference; lastKnownFileType = sourcecode.swift; path = "UIViewController+Ext.swift"; sourceTree = "<group>"; };
		9B3D4F042B9DE24600F68D8D /* Follower.swift */ = {isa = PBXFileReference; lastKnownFileType = sourcecode.swift; path = Follower.swift; sourceTree = "<group>"; };
		9B3D4F062B9DE2A300F68D8D /* User.swift */ = {isa = PBXFileReference; lastKnownFileType = sourcecode.swift; path = User.swift; sourceTree = "<group>"; };
		9B3D4F092B9DE82300F68D8D /* NetworkManager.swift */ = {isa = PBXFileReference; lastKnownFileType = sourcecode.swift; path = NetworkManager.swift; sourceTree = "<group>"; };
		9B3D4F0C2B9FA65700F68D8D /* GFError.swift */ = {isa = PBXFileReference; lastKnownFileType = sourcecode.swift; path = GFError.swift; sourceTree = "<group>"; };
		9B3D4F0F2B9FAF3700F68D8D /* FollowerCell.swift */ = {isa = PBXFileReference; lastKnownFileType = sourcecode.swift; path = FollowerCell.swift; sourceTree = "<group>"; };
		9B3D4F112B9FB02900F68D8D /* GFAvatarImageView.swift */ = {isa = PBXFileReference; lastKnownFileType = sourcecode.swift; path = GFAvatarImageView.swift; sourceTree = "<group>"; };
		9B3D4F132BA0F1B900F68D8D /* UIHelper.swift */ = {isa = PBXFileReference; lastKnownFileType = sourcecode.swift; path = UIHelper.swift; sourceTree = "<group>"; };
		9B3D4F152BA25F8C00F68D8D /* GFEmptyStateView.swift */ = {isa = PBXFileReference; lastKnownFileType = sourcecode.swift; path = GFEmptyStateView.swift; sourceTree = "<group>"; };
/* End PBXFileReference section */

/* Begin PBXFrameworksBuildPhase section */
		9B3D4EB32B9BACA700F68D8D /* Frameworks */ = {
			isa = PBXFrameworksBuildPhase;
			buildActionMask = 2147483647;
			files = (
			);
			runOnlyForDeploymentPostprocessing = 0;
		};
		9B3D4EC92B9BACA800F68D8D /* Frameworks */ = {
			isa = PBXFrameworksBuildPhase;
			buildActionMask = 2147483647;
			files = (
			);
			runOnlyForDeploymentPostprocessing = 0;
		};
		9B3D4ED32B9BACA800F68D8D /* Frameworks */ = {
			isa = PBXFrameworksBuildPhase;
			buildActionMask = 2147483647;
			files = (
			);
			runOnlyForDeploymentPostprocessing = 0;
		};
/* End PBXFrameworksBuildPhase section */

/* Begin PBXGroup section */
		9B094ED72BA5CBCD00BDEA3D /* ItemInfoVC */ = {
			isa = PBXGroup;
			children = (
				9B094ED12BA5C3BB00BDEA3D /* GFItemInfoVC.swift */,
				9B094ED32BA5C8BA00BDEA3D /* GFRepoItemVC.swift */,
				9B094ED52BA5CB2600BDEA3D /* GFFollowerItemVC.swift */,
			);
			path = ItemInfoVC;
			sourceTree = "<group>";
		};
		9B3D4EAD2B9BACA700F68D8D = {
			isa = PBXGroup;
			children = (
				9B3D4EB82B9BACA700F68D8D /* GhFollowers */,
				9B3D4ECF2B9BACA800F68D8D /* GhFollowersTests */,
				9B3D4ED92B9BACA800F68D8D /* GhFollowersUITests */,
				9B3D4EB72B9BACA700F68D8D /* Products */,
			);
			sourceTree = "<group>";
		};
		9B3D4EB72B9BACA700F68D8D /* Products */ = {
			isa = PBXGroup;
			children = (
				9B3D4EB62B9BACA700F68D8D /* GhFollowers.app */,
				9B3D4ECC2B9BACA800F68D8D /* GhFollowersTests.xctest */,
				9B3D4ED62B9BACA800F68D8D /* GhFollowersUITests.xctest */,
			);
			name = Products;
			sourceTree = "<group>";
		};
		9B3D4EB82B9BACA700F68D8D /* GhFollowers */ = {
			isa = PBXGroup;
			children = (
				9B3D4F0B2B9FA64500F68D8D /* Utilities */,
				9B3D4F082B9DE80B00F68D8D /* Managers */,
				9B3D4F032B9DE23800F68D8D /* Models */,
				9B3D4F022B9DC64900F68D8D /* Support */,
				9B3D4F012B9DC55700F68D8D /* Extensions */,
				9B3D4F002B9DC50000F68D8D /* Components */,
				9B3D4EFF2B9DC4B000F68D8D /* Screens */,
				9B3D4EC72B9BACA800F68D8D /* Info.plist */,
			);
			path = GhFollowers;
			sourceTree = "<group>";
		};
		9B3D4ECF2B9BACA800F68D8D /* GhFollowersTests */ = {
			isa = PBXGroup;
			children = (
				9B3D4ED02B9BACA800F68D8D /* GhFollowersTests.swift */,
			);
			path = GhFollowersTests;
			sourceTree = "<group>";
		};
		9B3D4ED92B9BACA800F68D8D /* GhFollowersUITests */ = {
			isa = PBXGroup;
			children = (
				9B3D4EDA2B9BACA800F68D8D /* GhFollowersUITests.swift */,
				9B3D4EDC2B9BACA800F68D8D /* GhFollowersUITestsLaunchTests.swift */,
			);
			path = GhFollowersUITests;
			sourceTree = "<group>";
		};
		9B3D4EFF2B9DC4B000F68D8D /* Screens */ = {
			isa = PBXGroup;
			children = (
				9B3D4EE92B9BB42500F68D8D /* SearchVC.swift */,
				9B3D4EF32B9CE90400F68D8D /* FollowersListVC.swift */,
				9B3D4EEB2B9BB48400F68D8D /* FavoritesListVC.swift */,
				9B094EC72BA4C5FB00BDEA3D /* UserInfoVC.swift */,
			);
			path = Screens;
			sourceTree = "<group>";
		};
		9B3D4F002B9DC50000F68D8D /* Components */ = {
			isa = PBXGroup;
			children = (
				9B094ED72BA5CBCD00BDEA3D /* ItemInfoVC */,
				9B3D4F0E2B9FAF0100F68D8D /* Cells */,
				9B3D4EFB2B9CF63500F68D8D /* GFAlertVC.swift */,
				9B3D4EEF2B9C81A800F68D8D /* GFButton.swift */,
				9B3D4EF12B9C85E100F68D8D /* GFTextField.swift */,
				9B3D4EF52B9CF1D700F68D8D /* GFTitleLabel.swift */,
				9B3D4EF72B9CF46800F68D8D /* GFBodyLabel.swift */,
				9B3D4F112B9FB02900F68D8D /* GFAvatarImageView.swift */,
				9B3D4F152BA25F8C00F68D8D /* GFEmptyStateView.swift */,
				9B094EC92BA4D45D00BDEA3D /* GFUserInfoHeaderVC.swift */,
				9B094ECB2BA4D51F00BDEA3D /* GFSecondaryTitleLabel.swift */,
				9B094ECF2BA5B9A300BDEA3D /* GFItemInfoView.swift */,
			);
			path = Components;
			sourceTree = "<group>";
		};
		9B3D4F012B9DC55700F68D8D /* Extensions */ = {
			isa = PBXGroup;
			children = (
				9B3D4EFD2B9DBFB900F68D8D /* UIViewController+Ext.swift */,
				9B094ED82BA6303B00BDEA3D /* String+Ext.swift */,
				9B094EDA2BA6315C00BDEA3D /* Date+Ext.swift */,
			);
			path = Extensions;
			sourceTree = "<group>";
		};
		9B3D4F022B9DC64900F68D8D /* Support */ = {
			isa = PBXGroup;
			children = (
				9B3D4EB92B9BACA700F68D8D /* AppDelegate.swift */,
				9B3D4EBB2B9BACA700F68D8D /* SceneDelegate.swift */,
				9B3D4EC22B9BACA800F68D8D /* Assets.xcassets */,
				9B3D4EC42B9BACA800F68D8D /* LaunchScreen.storyboard */,
			);
			path = Support;
			sourceTree = "<group>";
		};
		9B3D4F032B9DE23800F68D8D /* Models */ = {
			isa = PBXGroup;
			children = (
				9B3D4F042B9DE24600F68D8D /* Follower.swift */,
				9B3D4F062B9DE2A300F68D8D /* User.swift */,
			);
			path = Models;
			sourceTree = "<group>";
		};
		9B3D4F082B9DE80B00F68D8D /* Managers */ = {
			isa = PBXGroup;
			children = (
				9B3D4F092B9DE82300F68D8D /* NetworkManager.swift */,
			);
			path = Managers;
			sourceTree = "<group>";
		};
		9B3D4F0B2B9FA64500F68D8D /* Utilities */ = {
			isa = PBXGroup;
			children = (
				9B3D4F0C2B9FA65700F68D8D /* GFError.swift */,
				9B3D4F132BA0F1B900F68D8D /* UIHelper.swift */,
				9B094ECD2BA4DFAE00BDEA3D /* Constants.swift */,
			);
			path = Utilities;
			sourceTree = "<group>";
		};
		9B3D4F0E2B9FAF0100F68D8D /* Cells */ = {
			isa = PBXGroup;
			children = (
				9B3D4F0F2B9FAF3700F68D8D /* FollowerCell.swift */,
			);
			path = Cells;
			sourceTree = "<group>";
		};
/* End PBXGroup section */

/* Begin PBXNativeTarget section */
		9B3D4EB52B9BACA700F68D8D /* GhFollowers */ = {
			isa = PBXNativeTarget;
			buildConfigurationList = 9B3D4EE02B9BACA800F68D8D /* Build configuration list for PBXNativeTarget "GhFollowers" */;
			buildPhases = (
				9B3D4EB22B9BACA700F68D8D /* Sources */,
				9B3D4EB32B9BACA700F68D8D /* Frameworks */,
				9B3D4EB42B9BACA700F68D8D /* Resources */,
			);
			buildRules = (
			);
			dependencies = (
			);
			name = GhFollowers;
			productName = GhFollowers;
			productReference = 9B3D4EB62B9BACA700F68D8D /* GhFollowers.app */;
			productType = "com.apple.product-type.application";
		};
		9B3D4ECB2B9BACA800F68D8D /* GhFollowersTests */ = {
			isa = PBXNativeTarget;
			buildConfigurationList = 9B3D4EE32B9BACA800F68D8D /* Build configuration list for PBXNativeTarget "GhFollowersTests" */;
			buildPhases = (
				9B3D4EC82B9BACA800F68D8D /* Sources */,
				9B3D4EC92B9BACA800F68D8D /* Frameworks */,
				9B3D4ECA2B9BACA800F68D8D /* Resources */,
			);
			buildRules = (
			);
			dependencies = (
				9B3D4ECE2B9BACA800F68D8D /* PBXTargetDependency */,
			);
			name = GhFollowersTests;
			productName = GhFollowersTests;
			productReference = 9B3D4ECC2B9BACA800F68D8D /* GhFollowersTests.xctest */;
			productType = "com.apple.product-type.bundle.unit-test";
		};
		9B3D4ED52B9BACA800F68D8D /* GhFollowersUITests */ = {
			isa = PBXNativeTarget;
			buildConfigurationList = 9B3D4EE62B9BACA800F68D8D /* Build configuration list for PBXNativeTarget "GhFollowersUITests" */;
			buildPhases = (
				9B3D4ED22B9BACA800F68D8D /* Sources */,
				9B3D4ED32B9BACA800F68D8D /* Frameworks */,
				9B3D4ED42B9BACA800F68D8D /* Resources */,
			);
			buildRules = (
			);
			dependencies = (
				9B3D4ED82B9BACA800F68D8D /* PBXTargetDependency */,
			);
			name = GhFollowersUITests;
			productName = GhFollowersUITests;
			productReference = 9B3D4ED62B9BACA800F68D8D /* GhFollowersUITests.xctest */;
			productType = "com.apple.product-type.bundle.ui-testing";
		};
/* End PBXNativeTarget section */

/* Begin PBXProject section */
		9B3D4EAE2B9BACA700F68D8D /* Project object */ = {
			isa = PBXProject;
			attributes = {
				BuildIndependentTargetsInParallel = 1;
				LastSwiftUpdateCheck = 1520;
				LastUpgradeCheck = 1520;
				TargetAttributes = {
					9B3D4EB52B9BACA700F68D8D = {
						CreatedOnToolsVersion = 15.2;
					};
					9B3D4ECB2B9BACA800F68D8D = {
						CreatedOnToolsVersion = 15.2;
						TestTargetID = 9B3D4EB52B9BACA700F68D8D;
					};
					9B3D4ED52B9BACA800F68D8D = {
						CreatedOnToolsVersion = 15.2;
						TestTargetID = 9B3D4EB52B9BACA700F68D8D;
					};
				};
			};
			buildConfigurationList = 9B3D4EB12B9BACA700F68D8D /* Build configuration list for PBXProject "GhFollowers" */;
			compatibilityVersion = "Xcode 14.0";
			developmentRegion = en;
			hasScannedForEncodings = 0;
			knownRegions = (
				en,
				Base,
			);
			mainGroup = 9B3D4EAD2B9BACA700F68D8D;
			productRefGroup = 9B3D4EB72B9BACA700F68D8D /* Products */;
			projectDirPath = "";
			projectRoot = "";
			targets = (
				9B3D4EB52B9BACA700F68D8D /* GhFollowers */,
				9B3D4ECB2B9BACA800F68D8D /* GhFollowersTests */,
				9B3D4ED52B9BACA800F68D8D /* GhFollowersUITests */,
			);
		};
/* End PBXProject section */

/* Begin PBXResourcesBuildPhase section */
		9B3D4EB42B9BACA700F68D8D /* Resources */ = {
			isa = PBXResourcesBuildPhase;
			buildActionMask = 2147483647;
			files = (
				9B3D4EC62B9BACA800F68D8D /* LaunchScreen.storyboard in Resources */,
				9B3D4EC32B9BACA800F68D8D /* Assets.xcassets in Resources */,
			);
			runOnlyForDeploymentPostprocessing = 0;
		};
		9B3D4ECA2B9BACA800F68D8D /* Resources */ = {
			isa = PBXResourcesBuildPhase;
			buildActionMask = 2147483647;
			files = (
			);
			runOnlyForDeploymentPostprocessing = 0;
		};
		9B3D4ED42B9BACA800F68D8D /* Resources */ = {
			isa = PBXResourcesBuildPhase;
			buildActionMask = 2147483647;
			files = (
			);
			runOnlyForDeploymentPostprocessing = 0;
		};
/* End PBXResourcesBuildPhase section */

/* Begin PBXSourcesBuildPhase section */
		9B3D4EB22B9BACA700F68D8D /* Sources */ = {
			isa = PBXSourcesBuildPhase;
			buildActionMask = 2147483647;
			files = (
				9B3D4F072B9DE2A300F68D8D /* User.swift in Sources */,
				9B3D4EF22B9C85E100F68D8D /* GFTextField.swift in Sources */,
				9B3D4EF42B9CE90400F68D8D /* FollowersListVC.swift in Sources */,
				9B3D4EEC2B9BB48400F68D8D /* FavoritesListVC.swift in Sources */,
				9B3D4EFE2B9DBFB900F68D8D /* UIViewController+Ext.swift in Sources */,
				9B3D4F142BA0F1B900F68D8D /* UIHelper.swift in Sources */,
				9B094ED22BA5C3BB00BDEA3D /* GFItemInfoVC.swift in Sources */,
				9B094ECE2BA4DFAE00BDEA3D /* Constants.swift in Sources */,
				9B3D4F122B9FB02900F68D8D /* GFAvatarImageView.swift in Sources */,
				9B3D4EF02B9C81A800F68D8D /* GFButton.swift in Sources */,
				9B3D4EFC2B9CF63500F68D8D /* GFAlertVC.swift in Sources */,
				9B094ED62BA5CB2600BDEA3D /* GFFollowerItemVC.swift in Sources */,
				9B094ED02BA5B9A300BDEA3D /* GFItemInfoView.swift in Sources */,
				9B3D4F102B9FAF3700F68D8D /* FollowerCell.swift in Sources */,
				9B3D4F0D2B9FA65700F68D8D /* GFError.swift in Sources */,
				9B094ECA2BA4D45D00BDEA3D /* GFUserInfoHeaderVC.swift in Sources */,
				9B3D4EF82B9CF46800F68D8D /* GFBodyLabel.swift in Sources */,
				9B3D4F052B9DE24600F68D8D /* Follower.swift in Sources */,
				9B3D4EF62B9CF1D700F68D8D /* GFTitleLabel.swift in Sources */,
				9B094ECC2BA4D51F00BDEA3D /* GFSecondaryTitleLabel.swift in Sources */,
				9B3D4F162BA25F8C00F68D8D /* GFEmptyStateView.swift in Sources */,
				9B3D4F0A2B9DE82300F68D8D /* NetworkManager.swift in Sources */,
				9B094ED92BA6303B00BDEA3D /* String+Ext.swift in Sources */,
				9B094EDB2BA6315C00BDEA3D /* Date+Ext.swift in Sources */,
				9B3D4EEA2B9BB42500F68D8D /* SearchVC.swift in Sources */,
				9B3D4EBA2B9BACA700F68D8D /* AppDelegate.swift in Sources */,
				9B3D4EBC2B9BACA700F68D8D /* SceneDelegate.swift in Sources */,
				9B094ED42BA5C8BA00BDEA3D /* GFRepoItemVC.swift in Sources */,
				9B094EC82BA4C5FB00BDEA3D /* UserInfoVC.swift in Sources */,
			);
			runOnlyForDeploymentPostprocessing = 0;
		};
		9B3D4EC82B9BACA800F68D8D /* Sources */ = {
			isa = PBXSourcesBuildPhase;
			buildActionMask = 2147483647;
			files = (
				9B3D4ED12B9BACA800F68D8D /* GhFollowersTests.swift in Sources */,
			);
			runOnlyForDeploymentPostprocessing = 0;
		};
		9B3D4ED22B9BACA800F68D8D /* Sources */ = {
			isa = PBXSourcesBuildPhase;
			buildActionMask = 2147483647;
			files = (
				9B3D4EDB2B9BACA800F68D8D /* GhFollowersUITests.swift in Sources */,
				9B3D4EDD2B9BACA800F68D8D /* GhFollowersUITestsLaunchTests.swift in Sources */,
			);
			runOnlyForDeploymentPostprocessing = 0;
		};
/* End PBXSourcesBuildPhase section */

/* Begin PBXTargetDependency section */
		9B3D4ECE2B9BACA800F68D8D /* PBXTargetDependency */ = {
			isa = PBXTargetDependency;
			target = 9B3D4EB52B9BACA700F68D8D /* GhFollowers */;
			targetProxy = 9B3D4ECD2B9BACA800F68D8D /* PBXContainerItemProxy */;
		};
		9B3D4ED82B9BACA800F68D8D /* PBXTargetDependency */ = {
			isa = PBXTargetDependency;
			target = 9B3D4EB52B9BACA700F68D8D /* GhFollowers */;
			targetProxy = 9B3D4ED72B9BACA800F68D8D /* PBXContainerItemProxy */;
		};
/* End PBXTargetDependency section */

/* Begin PBXVariantGroup section */
		9B3D4EC42B9BACA800F68D8D /* LaunchScreen.storyboard */ = {
			isa = PBXVariantGroup;
			children = (
				9B3D4EC52B9BACA800F68D8D /* Base */,
			);
			name = LaunchScreen.storyboard;
			sourceTree = "<group>";
		};
/* End PBXVariantGroup section */

/* Begin XCBuildConfiguration section */
		9B3D4EDE2B9BACA800F68D8D /* Debug */ = {
			isa = XCBuildConfiguration;
			buildSettings = {
				ALWAYS_SEARCH_USER_PATHS = NO;
				ASSETCATALOG_COMPILER_GENERATE_SWIFT_ASSET_SYMBOL_EXTENSIONS = YES;
				CLANG_ANALYZER_NONNULL = YES;
				CLANG_ANALYZER_NUMBER_OBJECT_CONVERSION = YES_AGGRESSIVE;
				CLANG_CXX_LANGUAGE_STANDARD = "gnu++20";
				CLANG_ENABLE_MODULES = YES;
				CLANG_ENABLE_OBJC_ARC = YES;
				CLANG_ENABLE_OBJC_WEAK = YES;
				CLANG_WARN_BLOCK_CAPTURE_AUTORELEASING = YES;
				CLANG_WARN_BOOL_CONVERSION = YES;
				CLANG_WARN_COMMA = YES;
				CLANG_WARN_CONSTANT_CONVERSION = YES;
				CLANG_WARN_DEPRECATED_OBJC_IMPLEMENTATIONS = YES;
				CLANG_WARN_DIRECT_OBJC_ISA_USAGE = YES_ERROR;
				CLANG_WARN_DOCUMENTATION_COMMENTS = YES;
				CLANG_WARN_EMPTY_BODY = YES;
				CLANG_WARN_ENUM_CONVERSION = YES;
				CLANG_WARN_INFINITE_RECURSION = YES;
				CLANG_WARN_INT_CONVERSION = YES;
				CLANG_WARN_NON_LITERAL_NULL_CONVERSION = YES;
				CLANG_WARN_OBJC_IMPLICIT_RETAIN_SELF = YES;
				CLANG_WARN_OBJC_LITERAL_CONVERSION = YES;
				CLANG_WARN_OBJC_ROOT_CLASS = YES_ERROR;
				CLANG_WARN_QUOTED_INCLUDE_IN_FRAMEWORK_HEADER = YES;
				CLANG_WARN_RANGE_LOOP_ANALYSIS = YES;
				CLANG_WARN_STRICT_PROTOTYPES = YES;
				CLANG_WARN_SUSPICIOUS_MOVE = YES;
				CLANG_WARN_UNGUARDED_AVAILABILITY = YES_AGGRESSIVE;
				CLANG_WARN_UNREACHABLE_CODE = YES;
				CLANG_WARN__DUPLICATE_METHOD_MATCH = YES;
				COPY_PHASE_STRIP = NO;
				DEBUG_INFORMATION_FORMAT = dwarf;
				ENABLE_STRICT_OBJC_MSGSEND = YES;
				ENABLE_TESTABILITY = YES;
				ENABLE_USER_SCRIPT_SANDBOXING = YES;
				GCC_C_LANGUAGE_STANDARD = gnu17;
				GCC_DYNAMIC_NO_PIC = NO;
				GCC_NO_COMMON_BLOCKS = YES;
				GCC_OPTIMIZATION_LEVEL = 0;
				GCC_PREPROCESSOR_DEFINITIONS = (
					"DEBUG=1",
					"$(inherited)",
				);
				GCC_WARN_64_TO_32_BIT_CONVERSION = YES;
				GCC_WARN_ABOUT_RETURN_TYPE = YES_ERROR;
				GCC_WARN_UNDECLARED_SELECTOR = YES;
				GCC_WARN_UNINITIALIZED_AUTOS = YES_AGGRESSIVE;
				GCC_WARN_UNUSED_FUNCTION = YES;
				GCC_WARN_UNUSED_VARIABLE = YES;
				IPHONEOS_DEPLOYMENT_TARGET = 17.2;
				LOCALIZATION_PREFERS_STRING_CATALOGS = YES;
				MTL_ENABLE_DEBUG_INFO = INCLUDE_SOURCE;
				MTL_FAST_MATH = YES;
				ONLY_ACTIVE_ARCH = YES;
				SDKROOT = iphoneos;
				SWIFT_ACTIVE_COMPILATION_CONDITIONS = "DEBUG $(inherited)";
				SWIFT_OPTIMIZATION_LEVEL = "-Onone";
			};
			name = Debug;
		};
		9B3D4EDF2B9BACA800F68D8D /* Release */ = {
			isa = XCBuildConfiguration;
			buildSettings = {
				ALWAYS_SEARCH_USER_PATHS = NO;
				ASSETCATALOG_COMPILER_GENERATE_SWIFT_ASSET_SYMBOL_EXTENSIONS = YES;
				CLANG_ANALYZER_NONNULL = YES;
				CLANG_ANALYZER_NUMBER_OBJECT_CONVERSION = YES_AGGRESSIVE;
				CLANG_CXX_LANGUAGE_STANDARD = "gnu++20";
				CLANG_ENABLE_MODULES = YES;
				CLANG_ENABLE_OBJC_ARC = YES;
				CLANG_ENABLE_OBJC_WEAK = YES;
				CLANG_WARN_BLOCK_CAPTURE_AUTORELEASING = YES;
				CLANG_WARN_BOOL_CONVERSION = YES;
				CLANG_WARN_COMMA = YES;
				CLANG_WARN_CONSTANT_CONVERSION = YES;
				CLANG_WARN_DEPRECATED_OBJC_IMPLEMENTATIONS = YES;
				CLANG_WARN_DIRECT_OBJC_ISA_USAGE = YES_ERROR;
				CLANG_WARN_DOCUMENTATION_COMMENTS = YES;
				CLANG_WARN_EMPTY_BODY = YES;
				CLANG_WARN_ENUM_CONVERSION = YES;
				CLANG_WARN_INFINITE_RECURSION = YES;
				CLANG_WARN_INT_CONVERSION = YES;
				CLANG_WARN_NON_LITERAL_NULL_CONVERSION = YES;
				CLANG_WARN_OBJC_IMPLICIT_RETAIN_SELF = YES;
				CLANG_WARN_OBJC_LITERAL_CONVERSION = YES;
				CLANG_WARN_OBJC_ROOT_CLASS = YES_ERROR;
				CLANG_WARN_QUOTED_INCLUDE_IN_FRAMEWORK_HEADER = YES;
				CLANG_WARN_RANGE_LOOP_ANALYSIS = YES;
				CLANG_WARN_STRICT_PROTOTYPES = YES;
				CLANG_WARN_SUSPICIOUS_MOVE = YES;
				CLANG_WARN_UNGUARDED_AVAILABILITY = YES_AGGRESSIVE;
				CLANG_WARN_UNREACHABLE_CODE = YES;
				CLANG_WARN__DUPLICATE_METHOD_MATCH = YES;
				COPY_PHASE_STRIP = NO;
				DEBUG_INFORMATION_FORMAT = "dwarf-with-dsym";
				ENABLE_NS_ASSERTIONS = NO;
				ENABLE_STRICT_OBJC_MSGSEND = YES;
				ENABLE_USER_SCRIPT_SANDBOXING = YES;
				GCC_C_LANGUAGE_STANDARD = gnu17;
				GCC_NO_COMMON_BLOCKS = YES;
				GCC_WARN_64_TO_32_BIT_CONVERSION = YES;
				GCC_WARN_ABOUT_RETURN_TYPE = YES_ERROR;
				GCC_WARN_UNDECLARED_SELECTOR = YES;
				GCC_WARN_UNINITIALIZED_AUTOS = YES_AGGRESSIVE;
				GCC_WARN_UNUSED_FUNCTION = YES;
				GCC_WARN_UNUSED_VARIABLE = YES;
				IPHONEOS_DEPLOYMENT_TARGET = 17.2;
				LOCALIZATION_PREFERS_STRING_CATALOGS = YES;
				MTL_ENABLE_DEBUG_INFO = NO;
				MTL_FAST_MATH = YES;
				SDKROOT = iphoneos;
				SWIFT_COMPILATION_MODE = wholemodule;
				VALIDATE_PRODUCT = YES;
			};
			name = Release;
		};
		9B3D4EE12B9BACA800F68D8D /* Debug */ = {
			isa = XCBuildConfiguration;
			buildSettings = {
				ASSETCATALOG_COMPILER_APPICON_NAME = AppIcon;
				ASSETCATALOG_COMPILER_GLOBAL_ACCENT_COLOR_NAME = AccentColor;
				CODE_SIGN_STYLE = Automatic;
				CURRENT_PROJECT_VERSION = 1;
				DEVELOPMENT_TEAM = K54664Z736;
				GENERATE_INFOPLIST_FILE = YES;
				INFOPLIST_FILE = GhFollowers/Info.plist;
				INFOPLIST_KEY_UIApplicationSupportsIndirectInputEvents = YES;
				INFOPLIST_KEY_UILaunchStoryboardName = LaunchScreen;
				INFOPLIST_KEY_UISupportedInterfaceOrientations = UIInterfaceOrientationPortrait;
				INFOPLIST_KEY_UISupportedInterfaceOrientations_iPad = "UIInterfaceOrientationLandscapeLeft UIInterfaceOrientationLandscapeRight UIInterfaceOrientationPortrait UIInterfaceOrientationPortraitUpsideDown";
				LD_RUNPATH_SEARCH_PATHS = (
					"$(inherited)",
					"@executable_path/Frameworks",
				);
				MARKETING_VERSION = 1.0;
				PRODUCT_BUNDLE_IDENTIFIER = itsramiel.GhFollowers;
				PRODUCT_NAME = "$(TARGET_NAME)";
				SUPPORTED_PLATFORMS = "iphoneos iphonesimulator";
				SUPPORTS_MACCATALYST = NO;
				SUPPORTS_MAC_DESIGNED_FOR_IPHONE_IPAD = NO;
				SUPPORTS_XR_DESIGNED_FOR_IPHONE_IPAD = NO;
				SWIFT_EMIT_LOC_STRINGS = YES;
				SWIFT_VERSION = 5.0;
				TARGETED_DEVICE_FAMILY = 1;
			};
			name = Debug;
		};
		9B3D4EE22B9BACA800F68D8D /* Release */ = {
			isa = XCBuildConfiguration;
			buildSettings = {
				ASSETCATALOG_COMPILER_APPICON_NAME = AppIcon;
				ASSETCATALOG_COMPILER_GLOBAL_ACCENT_COLOR_NAME = AccentColor;
				CODE_SIGN_STYLE = Automatic;
				CURRENT_PROJECT_VERSION = 1;
				DEVELOPMENT_TEAM = K54664Z736;
				GENERATE_INFOPLIST_FILE = YES;
				INFOPLIST_FILE = GhFollowers/Info.plist;
				INFOPLIST_KEY_UIApplicationSupportsIndirectInputEvents = YES;
				INFOPLIST_KEY_UILaunchStoryboardName = LaunchScreen;
				INFOPLIST_KEY_UISupportedInterfaceOrientations = UIInterfaceOrientationPortrait;
				INFOPLIST_KEY_UISupportedInterfaceOrientations_iPad = "UIInterfaceOrientationLandscapeLeft UIInterfaceOrientationLandscapeRight UIInterfaceOrientationPortrait UIInterfaceOrientationPortraitUpsideDown";
				LD_RUNPATH_SEARCH_PATHS = (
					"$(inherited)",
					"@executable_path/Frameworks",
				);
				MARKETING_VERSION = 1.0;
				PRODUCT_BUNDLE_IDENTIFIER = itsramiel.GhFollowers;
				PRODUCT_NAME = "$(TARGET_NAME)";
				SUPPORTED_PLATFORMS = "iphoneos iphonesimulator";
				SUPPORTS_MACCATALYST = NO;
				SUPPORTS_MAC_DESIGNED_FOR_IPHONE_IPAD = NO;
				SUPPORTS_XR_DESIGNED_FOR_IPHONE_IPAD = NO;
				SWIFT_EMIT_LOC_STRINGS = YES;
				SWIFT_VERSION = 5.0;
				TARGETED_DEVICE_FAMILY = 1;
			};
			name = Release;
		};
		9B3D4EE42B9BACA800F68D8D /* Debug */ = {
			isa = XCBuildConfiguration;
			buildSettings = {
				ALWAYS_EMBED_SWIFT_STANDARD_LIBRARIES = YES;
				BUNDLE_LOADER = "$(TEST_HOST)";
				CODE_SIGN_STYLE = Automatic;
				CURRENT_PROJECT_VERSION = 1;
				DEVELOPMENT_TEAM = K54664Z736;
				GENERATE_INFOPLIST_FILE = YES;
				IPHONEOS_DEPLOYMENT_TARGET = 17.2;
				MARKETING_VERSION = 1.0;
				PRODUCT_BUNDLE_IDENTIFIER = itsramiel.GhFollowersTests;
				PRODUCT_NAME = "$(TARGET_NAME)";
				SWIFT_EMIT_LOC_STRINGS = NO;
				SWIFT_VERSION = 5.0;
				TARGETED_DEVICE_FAMILY = "1,2";
				TEST_HOST = "$(BUILT_PRODUCTS_DIR)/GhFollowers.app/$(BUNDLE_EXECUTABLE_FOLDER_PATH)/GhFollowers";
			};
			name = Debug;
		};
		9B3D4EE52B9BACA800F68D8D /* Release */ = {
			isa = XCBuildConfiguration;
			buildSettings = {
				ALWAYS_EMBED_SWIFT_STANDARD_LIBRARIES = YES;
				BUNDLE_LOADER = "$(TEST_HOST)";
				CODE_SIGN_STYLE = Automatic;
				CURRENT_PROJECT_VERSION = 1;
				DEVELOPMENT_TEAM = K54664Z736;
				GENERATE_INFOPLIST_FILE = YES;
				IPHONEOS_DEPLOYMENT_TARGET = 17.2;
				MARKETING_VERSION = 1.0;
				PRODUCT_BUNDLE_IDENTIFIER = itsramiel.GhFollowersTests;
				PRODUCT_NAME = "$(TARGET_NAME)";
				SWIFT_EMIT_LOC_STRINGS = NO;
				SWIFT_VERSION = 5.0;
				TARGETED_DEVICE_FAMILY = "1,2";
				TEST_HOST = "$(BUILT_PRODUCTS_DIR)/GhFollowers.app/$(BUNDLE_EXECUTABLE_FOLDER_PATH)/GhFollowers";
			};
			name = Release;
		};
		9B3D4EE72B9BACA800F68D8D /* Debug */ = {
			isa = XCBuildConfiguration;
			buildSettings = {
				ALWAYS_EMBED_SWIFT_STANDARD_LIBRARIES = YES;
				CODE_SIGN_STYLE = Automatic;
				CURRENT_PROJECT_VERSION = 1;
				DEVELOPMENT_TEAM = K54664Z736;
				GENERATE_INFOPLIST_FILE = YES;
				MARKETING_VERSION = 1.0;
				PRODUCT_BUNDLE_IDENTIFIER = itsramiel.GhFollowersUITests;
				PRODUCT_NAME = "$(TARGET_NAME)";
				SWIFT_EMIT_LOC_STRINGS = NO;
				SWIFT_VERSION = 5.0;
				TARGETED_DEVICE_FAMILY = "1,2";
				TEST_TARGET_NAME = GhFollowers;
			};
			name = Debug;
		};
		9B3D4EE82B9BACA800F68D8D /* Release */ = {
			isa = XCBuildConfiguration;
			buildSettings = {
				ALWAYS_EMBED_SWIFT_STANDARD_LIBRARIES = YES;
				CODE_SIGN_STYLE = Automatic;
				CURRENT_PROJECT_VERSION = 1;
				DEVELOPMENT_TEAM = K54664Z736;
				GENERATE_INFOPLIST_FILE = YES;
				MARKETING_VERSION = 1.0;
				PRODUCT_BUNDLE_IDENTIFIER = itsramiel.GhFollowersUITests;
				PRODUCT_NAME = "$(TARGET_NAME)";
				SWIFT_EMIT_LOC_STRINGS = NO;
				SWIFT_VERSION = 5.0;
				TARGETED_DEVICE_FAMILY = "1,2";
				TEST_TARGET_NAME = GhFollowers;
			};
			name = Release;
		};
/* End XCBuildConfiguration section */

/* Begin XCConfigurationList section */
		9B3D4EB12B9BACA700F68D8D /* Build configuration list for PBXProject "GhFollowers" */ = {
			isa = XCConfigurationList;
			buildConfigurations = (
				9B3D4EDE2B9BACA800F68D8D /* Debug */,
				9B3D4EDF2B9BACA800F68D8D /* Release */,
			);
			defaultConfigurationIsVisible = 0;
			defaultConfigurationName = Release;
		};
		9B3D4EE02B9BACA800F68D8D /* Build configuration list for PBXNativeTarget "GhFollowers" */ = {
			isa = XCConfigurationList;
			buildConfigurations = (
				9B3D4EE12B9BACA800F68D8D /* Debug */,
				9B3D4EE22B9BACA800F68D8D /* Release */,
			);
			defaultConfigurationIsVisible = 0;
			defaultConfigurationName = Release;
		};
		9B3D4EE32B9BACA800F68D8D /* Build configuration list for PBXNativeTarget "GhFollowersTests" */ = {
			isa = XCConfigurationList;
			buildConfigurations = (
				9B3D4EE42B9BACA800F68D8D /* Debug */,
				9B3D4EE52B9BACA800F68D8D /* Release */,
			);
			defaultConfigurationIsVisible = 0;
			defaultConfigurationName = Release;
		};
		9B3D4EE62B9BACA800F68D8D /* Build configuration list for PBXNativeTarget "GhFollowersUITests" */ = {
			isa = XCConfigurationList;
			buildConfigurations = (
				9B3D4EE72B9BACA800F68D8D /* Debug */,
				9B3D4EE82B9BACA800F68D8D /* Release */,
			);
			defaultConfigurationIsVisible = 0;
			defaultConfigurationName = Release;
		};
/* End XCConfigurationList section */
	};
	rootObject = 9B3D4EAE2B9BACA700F68D8D /* Project object */;
}
